
Microsoft Visual Studio Solution File, Format Version 12.00
# Visual Studio Version 16
VisualStudioVersion = 16.0.31129.286
MinimumVisualStudioVersion = 10.0.40219.1
Project("{FAE04EC0-301F-11D3-BF4B-00C04F79EFBC}") = "FirstAzure", "FirstAzure\FirstAzure.csproj", "{AB4BCB3F-1DA5-4D19-B713-EFD54BF2CC89}"
EndProject
Global
	GlobalSection(SolutionConfigurationPlatforms) = preSolution
		Debug|Any CPU = Debug|Any CPU
		Release|Any CPU = Release|Any CPU
	EndGlobalSection
	GlobalSection(ProjectConfigurationPlatforms) = postSolution
		{AB4BCB3F-1DA5-4D19-B713-EFD54BF2CC89}.Debug|Any CPU.ActiveCfg = Debug|Any CPU
		{AB4BCB3F-1DA5-4D19-B713-EFD54BF2CC89}.Debug|Any CPU.Build.0 = Debug|Any CPU
		{AB4BCB3F-1DA5-4D19-B713-EFD54BF2CC89}.Release|Any CPU.ActiveCfg = Release|Any CPU
		{AB4BCB3F-1DA5-4D19-B713-EFD54BF2CC89}.Release|Any CPU.Build.0 = Release|Any CPU
	EndGlobalSection
	GlobalSection(SolutionProperties) = preSolution
		HideSolutionNode = FALSE
	EndGlobalSection
	GlobalSection(ExtensibilityGlobals) = postSolution
		SolutionGuid = {082DEC1F-505E-4BB2-8E26-1DB7C4B2A8D7}
	EndGlobalSection
EndGlobal
